// !$*UTF8*$!
{
	archiveVersion = 1;
	classes = {
	};
	objectVersion = 48;
	objects = {

/* Begin PBXBuildFile section */
		912E62651F425EFE004521B9 /* AppDelegate.swift in Sources */ = {isa = PBXBuildFile; fileRef = 912E62641F425EFE004521B9 /* AppDelegate.swift */; };
		912E62671F425EFE004521B9 /* ViewController.swift in Sources */ = {isa = PBXBuildFile; fileRef = 912E62661F425EFE004521B9 /* ViewController.swift */; };
		912E626A1F425EFE004521B9 /* Main.storyboard in Resources */ = {isa = PBXBuildFile; fileRef = 912E62681F425EFE004521B9 /* Main.storyboard */; };
		912E626C1F425EFE004521B9 /* Assets.xcassets in Resources */ = {isa = PBXBuildFile; fileRef = 912E626B1F425EFE004521B9 /* Assets.xcassets */; };
		912E626F1F425EFE004521B9 /* LaunchScreen.storyboard in Resources */ = {isa = PBXBuildFile; fileRef = 912E626D1F425EFE004521B9 /* LaunchScreen.storyboard */; };
		912E62771F425F0A004521B9 /* my_model.mlmodel in Sources */ = {isa = PBXBuildFile; fileRef = 912E62761F425F0A004521B9 /* my_model.mlmodel */; };
/* End PBXBuildFile section */

/* Begin PBXFileReference section */
		912E62611F425EFE004521B9 /* Read Numbers.app */ = {isa = PBXFileReference; explicitFileType = wrapper.application; includeInIndex = 0; path = "Read Numbers.app"; sourceTree = BUILT_PRODUCTS_DIR; };
		912E62641F425EFE004521B9 /* AppDelegate.swift */ = {isa = PBXFileReference; lastKnownFileType = sourcecode.swift; path = AppDelegate.swift; sourceTree = "<group>"; };
		912E62661F425EFE004521B9 /* ViewController.swift */ = {isa = PBXFileReference; lastKnownFileType = sourcecode.swift; path = ViewController.swift; sourceTree = "<group>"; };
		912E62691F425EFE004521B9 /* Base */ = {isa = PBXFileReference; lastKnownFileType = file.storyboard; name = Base; path = Base.lproj/Main.storyboard; sourceTree = "<group>"; };
		912E626B1F425EFE004521B9 /* Assets.xcassets */ = {isa = PBXFileReference; lastKnownFileType = folder.assetcatalog; path = Assets.xcassets; sourceTree = "<group>"; };
		912E626E1F425EFE004521B9 /* Base */ = {isa = PBXFileReference; lastKnownFileType = file.storyboard; name = Base; path = Base.lproj/LaunchScreen.storyboard; sourceTree = "<group>"; };
		912E62701F425EFE004521B9 /* Info.plist */ = {isa = PBXFileReference; lastKnownFileType = text.plist.xml; path = Info.plist; sourceTree = "<group>"; };
		912E62761F425F0A004521B9 /* my_model.mlmodel */ = {isa = PBXFileReference; lastKnownFileType = file.mlmodel; name = my_model.mlmodel; path = "../../../../2017_dataSciCourse/Machine Learning A-Z/my_model.mlmodel"; sourceTree = "<group>"; };
/* End PBXFileReference section */

/* Begin PBXFrameworksBuildPhase section */
		912E625E1F425EFE004521B9 /* Frameworks */ = {
			isa = PBXFrameworksBuildPhase;
			buildActionMask = 2147483647;
			files = (
			);
			runOnlyForDeploymentPostprocessing = 0;
		};
/* End PBXFrameworksBuildPhase section */

/* Begin PBXGroup section */
		912E62581F425EFE004521B9 = {
			isa = PBXGroup;
			children = (
				912E62631F425EFE004521B9 /* Read Numbers */,
				912E62621F425EFE004521B9 /* Products */,
			);
			sourceTree = "<group>";
		};
		912E62621F425EFE004521B9 /* Products */ = {
			isa = PBXGroup;
			children = (
				912E62611F425EFE004521B9 /* Read Numbers.app */,
			);
			name = Products;
			sourceTree = "<group>";
		};
		912E62631F425EFE004521B9 /* Read Numbers */ = {
			isa = PBXGroup;
			children = (
				912E62641F425EFE004521B9 /* AppDelegate.swift */,
				912E62661F425EFE004521B9 /* ViewController.swift */,
				912E62681F425EFE004521B9 /* Main.storyboard */,
				912E626B1F425EFE004521B9 /* Assets.xcassets */,
				912E626D1F425EFE004521B9 /* LaunchScreen.storyboard */,
				912E62701F425EFE004521B9 /* Info.plist */,
				912E62761F425F0A004521B9 /* my_model.mlmodel */,
			);
			path = "Read Numbers";
			sourceTree = "<group>";
		};
/* End PBXGroup section */

/* Begin PBXNativeTarget section */
		912E62601F425EFE004521B9 /* Read Numbers */ = {
			isa = PBXNativeTarget;
			buildConfigurationList = 912E62731F425EFE004521B9 /* Build configuration list for PBXNativeTarget "Read Numbers" */;
			buildPhases = (
				912E625D1F425EFE004521B9 /* Sources */,
				912E625E1F425EFE004521B9 /* Frameworks */,
				912E625F1F425EFE004521B9 /* Resources */,
			);
			buildRules = (
			);
			dependencies = (
			);
			name = "Read Numbers";
			productName = "Read Numbers";
			productReference = 912E62611F425EFE004521B9 /* Read Numbers.app */;
			productType = "com.apple.product-type.application";
		};
/* End PBXNativeTarget section */

/* Begin PBXProject section */
		912E62591F425EFE004521B9 /* Project object */ = {
			isa = PBXProject;
			attributes = {
				LastSwiftUpdateCheck = 0900;
				LastUpgradeCheck = 0900;
				ORGANIZATIONNAME = MollyMaskrey;
				TargetAttributes = {
					912E62601F425EFE004521B9 = {
						CreatedOnToolsVersion = 9.0;
					};
				};
			};
			buildConfigurationList = 912E625C1F425EFE004521B9 /* Build configuration list for PBXProject "Read Numbers" */;
			compatibilityVersion = "Xcode 8.0";
			developmentRegion = en;
			hasScannedForEncodings = 0;
			knownRegions = (
				en,
				Base,
			);
			mainGroup = 912E62581F425EFE004521B9;
			productRefGroup = 912E62621F425EFE004521B9 /* Products */;
			projectDirPath = "";
			projectRoot = "";
			targets = (
				912E62601F425EFE004521B9 /* Read Numbers */,
			);
		};
/* End PBXProject section */

/* Begin PBXResourcesBuildPhase section */
		912E625F1F425EFE004521B9 /* Resources */ = {
			isa = PBXResourcesBuildPhase;
			buildActionMask = 2147483647;
			files = (
				912E626F1F425EFE004521B9 /* LaunchScreen.storyboard in Resources */,
				912E626C1F425EFE004521B9 /* Assets.xcassets in Resources */,
				912E626A1F425EFE004521B9 /* Main.storyboard in Resources */,
			);
			runOnlyForDeploymentPostprocessing = 0;
		};
/* End PBXResourcesBuildPhase section */

/* Begin PBXSourcesBuildPhase section */
		912E625D1F425EFE004521B9 /* Sources */ = {
			isa = PBXSourcesBuildPhase;
			buildActionMask = 2147483647;
			files = (
				912E62671F425EFE004521B9 /* ViewController.swift in Sources */,
				912E62651F425EFE004521B9 /* AppDelegate.swift in Sources */,
				912E62771F425F0A004521B9 /* my_model.mlmodel in Sources */,
			);
			runOnlyForDeploymentPostprocessing = 0;
		};
/* End PBXSourcesBuildPhase section */

/* Begin PBXVariantGroup section */
		912E62681F425EFE004521B9 /* Main.storyboard */ = {
			isa = PBXVariantGroup;
			children = (
				912E62691F425EFE004521B9 /* Base */,
			);
			name = Main.storyboard;
			sourceTree = "<group>";
		};
		912E626D1F425EFE004521B9 /* LaunchScreen.storyboard */ = {
			isa = PBXVariantGroup;
			children = (
				912E626E1F425EFE004521B9 /* Base */,
			);
			name = LaunchScreen.storyboard;
			sourceTree = "<group>";
		};
/* End PBXVariantGroup section */

/* Begin XCBuildConfiguration section */
		912E62711F425EFE004521B9 /* Debug */ = {
			isa = XCBuildConfiguration;
			buildSettings = {
				ALWAYS_SEARCH_USER_PATHS = NO;
				CLANG_ANALYZER_NONNULL = YES;
				CLANG_ANALYZER_NUMBER_OBJECT_CONVERSION = YES_AGGRESSIVE;
				CLANG_CXX_LANGUAGE_STANDARD = "gnu++14";
				CLANG_CXX_LIBRARY = "libc++";
				CLANG_ENABLE_MODULES = YES;
				CLANG_ENABLE_OBJC_ARC = YES;
				CLANG_WARN_BLOCK_CAPTURE_AUTORELEASING = YES;
				CLANG_WARN_BOOL_CONVERSION = YES;
				CLANG_WARN_COMMA = YES;
				CLANG_WARN_CONSTANT_CONVERSION = YES;
				CLANG_WARN_DIRECT_OBJC_ISA_USAGE = YES_ERROR;
				CLANG_WARN_DOCUMENTATION_COMMENTS = YES;
				CLANG_WARN_EMPTY_BODY = YES;
				CLANG_WARN_ENUM_CONVERSION = YES;
				CLANG_WARN_INFINITE_RECURSION = YES;
				CLANG_WARN_INT_CONVERSION = YES;
				CLANG_WARN_NON_LITERAL_NULL_CONVERSION = YES;
				CLANG_WARN_OBJC_LITERAL_CONVERSION = YES;
				CLANG_WARN_OBJC_ROOT_CLASS = YES_ERROR;
				CLANG_WARN_RANGE_LOOP_ANALYSIS = YES;
				CLANG_WARN_STRICT_PROTOTYPES = YES;
				CLANG_WARN_SUSPICIOUS_MOVE = YES;
				CLANG_WARN_UNGUARDED_AVAILABILITY = YES_AGGRESSIVE;
				CLANG_WARN_UNREACHABLE_CODE = YES;
				CLANG_WARN__DUPLICATE_METHOD_MATCH = YES;
				CODE_SIGN_IDENTITY = "iPhone Developer";
				COPY_PHASE_STRIP = NO;
				DEBUG_INFORMATION_FORMAT = dwarf;
				ENABLE_STRICT_OBJC_MSGSEND = YES;
				ENABLE_TESTABILITY = YES;
				GCC_C_LANGUAGE_STANDARD = gnu11;
				GCC_DYNAMIC_NO_PIC = NO;
				GCC_NO_COMMON_BLOCKS = YES;
				GCC_OPTIMIZATION_LEVEL = 0;
				GCC_PREPROCESSOR_DEFINITIONS = (
					"DEBUG=1",
					"$(inherited)",
				);
				GCC_WARN_64_TO_32_BIT_CONVERSION = YES;
				GCC_WARN_ABOUT_RETURN_TYPE = YES_ERROR;
				GCC_WARN_UNDECLARED_SELECTOR = YES;
				GCC_WARN_UNINITIALIZED_AUTOS = YES_AGGRESSIVE;
				GCC_WARN_UNUSED_FUNCTION = YES;
				GCC_WARN_UNUSED_VARIABLE = YES;
				IPHONEOS_DEPLOYMENT_TARGET = 11.0;
				MTL_ENABLE_DEBUG_INFO = YES;
				ONLY_ACTIVE_ARCH = YES;
				SDKROOT = iphoneos;
				SWIFT_ACTIVE_COMPILATION_CONDITIONS = DEBUG;
				SWIFT_OPTIMIZATION_LEVEL = "-Onone";
			};
			name = Debug;
		};
		912E62721F425EFE004521B9 /* Release */ = {
			isa = XCBuildConfiguration;
			buildSettings = {
				ALWAYS_SEARCH_USER_PATHS = NO;
				CLANG_ANALYZER_NONNULL = YES;
				CLANG_ANALYZER_NUMBER_OBJECT_CONVERSION = YES_AGGRESSIVE;
				CLANG_CXX_LANGUAGE_STANDARD = "gnu++14";
				CLANG_CXX_LIBRARY = "libc++";
				CLANG_ENABLE_MODULES = YES;
				CLANG_ENABLE_OBJC_ARC = YES;
				CLANG_WARN_BLOCK_CAPTURE_AUTORELEASING = YES;
				CLANG_WARN_BOOL_CONVERSION = YES;
				CLANG_WARN_COMMA = YES;
				CLANG_WARN_CONSTANT_CONVERSION = YES;
				CLANG_WARN_DIRECT_OBJC_ISA_USAGE = YES_ERROR;
				CLANG_WARN_DOCUMENTATION_COMMENTS = YES;
				CLANG_WARN_EMPTY_BODY = YES;
				CLANG_WARN_ENUM_CONVERSION = YES;
				CLANG_WARN_INFINITE_RECURSION = YES;
				CLANG_WARN_INT_CONVERSION = YES;
				CLANG_WARN_NON_LITERAL_NULL_CONVERSION = YES;
				CLANG_WARN_OBJC_LITERAL_CONVERSION = YES;
				CLANG_WARN_OBJC_ROOT_CLASS = YES_ERROR;
				CLANG_WARN_RANGE_LOOP_ANALYSIS = YES;
				CLANG_WARN_STRICT_PROTOTYPES = YES;
				CLANG_WARN_SUSPICIOUS_MOVE = YES;
				CLANG_WARN_UNGUARDED_AVAILABILITY = YES_AGGRESSIVE;
				CLANG_WARN_UNREACHABLE_CODE = YES;
				CLANG_WARN__DUPLICATE_METHOD_MATCH = YES;
				CODE_SIGN_IDENTITY = "iPhone Developer";
				COPY_PHASE_STRIP = NO;
				DEBUG_INFORMATION_FORMAT = "dwarf-with-dsym";
				ENABLE_NS_ASSERTIONS = NO;
				ENABLE_STRICT_OBJC_MSGSEND = YES;
				GCC_C_LANGUAGE_STANDARD = gnu11;
				GCC_NO_COMMON_BLOCKS = YES;
				GCC_WARN_64_TO_32_BIT_CONVERSION = YES;
				GCC_WARN_ABOUT_RETURN_TYPE = YES_ERROR;
				GCC_WARN_UNDECLARED_SELECTOR = YES;
				GCC_WARN_UNINITIALIZED_AUTOS = YES_AGGRESSIVE;
				GCC_WARN_UNUSED_FUNCTION = YES;
				GCC_WARN_UNUSED_VARIABLE = YES;
				IPHONEOS_DEPLOYMENT_TARGET = 11.0;
				MTL_ENABLE_DEBUG_INFO = NO;
				SDKROOT = iphoneos;
				SWIFT_OPTIMIZATION_LEVEL = "-Owholemodule";
				VALIDATE_PRODUCT = YES;
			};
			name = Release;
		};
		912E62741F425EFE004521B9 /* Debug */ = {
			isa = XCBuildConfiguration;
			buildSettings = {
				ASSETCATALOG_COMPILER_APPICON_NAME = AppIcon;
				DEVELOPMENT_TEAM = W3TQ3J976L;
				INFOPLIST_FILE = "Read Numbers/Info.plist";
				LD_RUNPATH_SEARCH_PATHS = "$(inherited) @executable_path/Frameworks";
				PRODUCT_BUNDLE_IDENTIFIER = "com.mollymaskrey.Read-Numbers";
				PRODUCT_NAME = "$(TARGET_NAME)";
				SWIFT_VERSION = 4.0;
				TARGETED_DEVICE_FAMILY = "1,2";
			};
			name = Debug;
		};
		912E62751F425EFE004521B9 /* Release */ = {
			isa = XCBuildConfiguration;
			buildSettings = {
				ASSETCATALOG_COMPILER_APPICON_NAME = AppIcon;
				DEVELOPMENT_TEAM = W3TQ3J976L;
				INFOPLIST_FILE = "Read Numbers/Info.plist";
				LD_RUNPATH_SEARCH_PATHS = "$(inherited) @executable_path/Frameworks";
				PRODUCT_BUNDLE_IDENTIFIER = "com.mollymaskrey.Read-Numbers";
				PRODUCT_NAME = "$(TARGET_NAME)";
				SWIFT_VERSION = 4.0;
				TARGETED_DEVICE_FAMILY = "1,2";
			};
			name = Release;
		};
/* End XCBuildConfiguration section */

/* Begin XCConfigurationList section */
		912E625C1F425EFE004521B9 /* Build configuration list for PBXProject "Read Numbers" */ = {
			isa = XCConfigurationList;
			buildConfigurations = (
				912E62711F425EFE004521B9 /* Debug */,
				912E62721F425EFE004521B9 /* Release */,
			);
			defaultConfigurationIsVisible = 0;
			defaultConfigurationName = Release;
		};
		912E62731F425EFE004521B9 /* Build configuration list for PBXNativeTarget "Read Numbers" */ = {
			isa = XCConfigurationList;
			buildConfigurations = (
				912E62741F425EFE004521B9 /* Debug */,
				912E62751F425EFE004521B9 /* Release */,
			);
			defaultConfigurationIsVisible = 0;
		};
/* End XCConfigurationList section */
	};
	rootObject = 912E62591F425EFE004521B9 /* Project object */;
}
